{
    "_meta": {
        "hash": {
            "sha256": "f2d44d074cacfbcc5ab501e07586d6bb058190d250b8a7a6a0c30aafb8bf3428"
        },
        "pipfile-spec": 6,
        "requires": {
            "python_version": "3.10"
        },
        "sources": [
            {
                "name": "pypi",
                "url": "https://pypi.org/simple",
                "verify_ssl": true
            }
        ]
    },
    "default": {
        "docopt": {
            "hashes": [
                "sha256:49b3a825280bd66b3aa83585ef59c4a8c82f2c8a522dbe754a8bc8d08c85c491"
            ],
            "index": "pypi",
            "version": "==0.6.2"
        }
    },
    "develop": {
        "flake8": {
            "hashes": [
                "sha256:479b1304f72536a55948cb40a32dce8bb0ffe3501e26eaf292c7e60eb5e0428d",
                "sha256:806e034dda44114815e23c16ef92f95c91e4c71100ff52813adf7132a6ad870d"
            ],
            "index": "pypi",
            "version": "==4.0.1"
        },
        "mccabe": {
            "hashes": [
                "sha256:ab8a6258860da4b6677da4bd2fe5dc2c659cff31b3ee4f7f5d64e79735b80d42",
                "sha256:dd8d182285a0fe56bace7f45b5e7d1a6ebcbf524e8f3bd87eb0f125271b8831f"
            ],
            "version": "==0.6.1"
        },
        "mypy": {
            "hashes": [
                "sha256:0ebfb3f414204b98c06791af37a3a96772203da60636e2897408517fcfeee7a8",
                "sha256:239d6b2242d6c7f5822163ee082ef7a28ee02e7ac86c35593ef923796826a385",
                "sha256:29dc94d9215c3eb80ac3c2ad29d0c22628accfb060348fd23d73abe3ace6c10d",
                "sha256:2c7f8bb9619290836a4e167e2ef1f2cf14d70e0bc36c04441e41487456561409",
                "sha256:33d53a232bb79057f33332dbbb6393e68acbcb776d2f571ba4b1d50a2c8ba873",
                "sha256:3a3e525cd76c2c4f90f1449fd034ba21fcca68050ff7c8397bb7dd25dd8b8248",
                "sha256:3eabcbd2525f295da322dff8175258f3fc4c3eb53f6d1929644ef4d99b92e72d",
                "sha256:481f98c6b24383188c928f33dd2f0776690807e12e9989dd0419edd5c74aa53b",
                "sha256:7a76dc4f91e92db119b1be293892df8379b08fd31795bb44e0ff84256d34c251",
                "sha256:7d390248ec07fa344b9f365e6ed9d205bd0205e485c555bed37c4235c868e9d5",
                "sha256:826a2917c275e2ee05b7c7b736c1e6549a35b7ea5a198ca457f8c2ebea2cbecf",
                "sha256:85cf2b14d32b61db24ade8ac9ae7691bdfc572a403e3cb8537da936e74713275",
                "sha256:8d645e9e7f7a5da3ec3bbcc314ebb9bb22c7ce39e70367830eb3c08d0140b9ce",
                "sha256:925aa84369a07846b7f3b8556ccade1f371aa554f2bd4fb31cb97a24b73b036e",
                "sha256:a85a20b43fa69efc0b955eba1db435e2ffecb1ca695fe359768e0503b91ea89f",
                "sha256:bfd4f6536bd384c27c392a8b8f790fd0ed5c0cf2f63fc2fed7bce56751d53026",
                "sha256:cb7752b24528c118a7403ee955b6a578bfcf5879d5ee91790667c8ea511d2085",
                "sha256:cc537885891382e08129d9862553b3d00d4be3eb15b8cae9e2466452f52b0117",
                "sha256:d4fccf04c1acf750babd74252e0f2db6bd2ac3aa8fe960797d9f3ef41cf2bfd4",
                "sha256:f1ba54d440d4feee49d8768ea952137316d454b15301c44403db3f2cb51af024",
                "sha256:f47322796c412271f5aea48381a528a613f33e0a115452d03ae35d673e6064f8",
                "sha256:fbfb873cf2b8d8c3c513367febde932e061a5f73f762896826ba06391d932b2a",
                "sha256:ffdad80a92c100d1b0fe3d3cf1a4724136029a29afe8566404c0146747114382"
            ],
            "index": "pypi",
            "version": "==0.960"
        },
        "mypy-extensions": {
            "hashes": [
                "sha256:090fedd75945a69ae91ce1303b5824f428daf5a028d2f6ab8a299250a846f15d",
                "sha256:2d82818f5bb3e369420cb3c4060a7970edba416647068eb4c5343488a6c604a8"
            ],
            "version": "==0.4.3"
        },
        "pycodestyle": {
            "hashes": [
                "sha256:720f8b39dde8b293825e7ff02c475f3077124006db4f440dcbc9a20b76548a20",
                "sha256:eddd5847ef438ea1c7870ca7eb78a9d47ce0cdb4851a5523949f2601d0cbbe7f"
            ],
            "markers": "python_version >= '2.7' and python_version not in '3.0, 3.1, 3.2, 3.3, 3.4'",
            "version": "==2.8.0"
        },
        "pyflakes": {
            "hashes": [
                "sha256:05a85c2872edf37a4ed30b0cce2f6093e1d0581f8c19d7393122da7e25b2b24c",
                "sha256:3bb3a3f256f4b7968c9c788781e4ff07dce46bdf12339dcda61053375426ee2e"
            ],
            "markers": "python_version >= '2.7' and python_version not in '3.0, 3.1, 3.2, 3.3'",
            "version": "==2.4.0"
        },
        "tomli": {
            "hashes": [
                "sha256:939de3e7a6161af0c887ef91b7d41a53e7c5a1ca976325f429cb46ea9bc30ecc",
                "sha256:de526c12914f0c550d15924c62d72abc48d6fe7364aa87328337a31007fe8a4f"
            ],
            "markers": "python_version < '3.11'",
            "version": "==2.0.1"
        },
        "typing-extensions": {
            "hashes": [
                "sha256:6657594ee297170d19f67d55c05852a874e7eb634f4f753dbd667855e07c1708",
                "sha256:f1c24655a0da0d1b67f07e17a5e6b2a105894e6824b92096378bb3668ef02376"
            ],
            "markers": "python_version >= '3.7'",
            "version": "==4.2.0"
        }
    }
}
